
Microsoft Visual Studio Solution File, Format Version 12.00
# Visual Studio 2012
Project("{FAE04EC0-301F-11D3-BF4B-00C04F79EFBC}") = "prova", "prova\prova.csproj", "{04C1A747-894E-4A23-A63E-50009D12216D}"
EndProject
Global
	GlobalSection(SolutionConfigurationPlatforms) = preSolution
		Debug|Any CPU = Debug|Any CPU
		Release|Any CPU = Release|Any CPU
	EndGlobalSection
	GlobalSection(ProjectConfigurationPlatforms) = postSolution
		{04C1A747-894E-4A23-A63E-50009D12216D}.Debug|Any CPU.ActiveCfg = Debug|Any CPU
		{04C1A747-894E-4A23-A63E-50009D12216D}.Debug|Any CPU.Build.0 = Debug|Any CPU
		{04C1A747-894E-4A23-A63E-50009D12216D}.Release|Any CPU.ActiveCfg = Release|Any CPU
		{04C1A747-894E-4A23-A63E-50009D12216D}.Release|Any CPU.Build.0 = Release|Any CPU
	EndGlobalSection
	GlobalSection(SolutionProperties) = preSolution
		HideSolutionNode = FALSE
	EndGlobalSection
EndGlobal
